
Microsoft Visual Studio Solution File, Format Version 12.00
# Visual Studio Version 16
VisualStudioVersion = 16.0.29509.3
MinimumVisualStudioVersion = 10.0.40219.1
Project("{9A19103F-16F7-4668-BE54-9A1E7A4F7556}") = "OpcNetApi", "OpcNetApi\OpcNetApi.csproj", "{30FFD9D5-003B-4092-857A-64054A09EA64}"
EndProject
Project("{9A19103F-16F7-4668-BE54-9A1E7A4F7556}") = "OpcNetApi.Com", "OpcNetApi.Com\OpcNetApi.Com.csproj", "{EEFD269C-B83E-4C9B-8F96-432FAD558B98}"
EndProject
Project("{9A19103F-16F7-4668-BE54-9A1E7A4F7556}") = "OpcComRcw", "OpcComRcw\OpcComRcw.csproj", "{DE5B55C5-A0A9-400A-9AC1-FDCA3875EF24}"
EndProject
Global
	GlobalSection(SolutionConfigurationPlatforms) = preSolution
		Debug|Any CPU = Debug|Any CPU
		Release|Any CPU = Release|Any CPU
	EndGlobalSection
	GlobalSection(ProjectConfigurationPlatforms) = postSolution
		{30FFD9D5-003B-4092-857A-64054A09EA64}.Debug|Any CPU.ActiveCfg = Debug|Any CPU
		{30FFD9D5-003B-4092-857A-64054A09EA64}.Debug|Any CPU.Build.0 = Debug|Any CPU
		{30FFD9D5-003B-4092-857A-64054A09EA64}.Release|Any CPU.ActiveCfg = Release|Any CPU
		{30FFD9D5-003B-4092-857A-64054A09EA64}.Release|Any CPU.Build.0 = Release|Any CPU
		{EEFD269C-B83E-4C9B-8F96-432FAD558B98}.Debug|Any CPU.ActiveCfg = Debug|Any CPU
		{EEFD269C-B83E-4C9B-8F96-432FAD558B98}.Debug|Any CPU.Build.0 = Debug|Any CPU
		{EEFD269C-B83E-4C9B-8F96-432FAD558B98}.Release|Any CPU.ActiveCfg = Release|Any CPU
		{EEFD269C-B83E-4C9B-8F96-432FAD558B98}.Release|Any CPU.Build.0 = Release|Any CPU
		{DE5B55C5-A0A9-400A-9AC1-FDCA3875EF24}.Debug|Any CPU.ActiveCfg = Debug|Any CPU
		{DE5B55C5-A0A9-400A-9AC1-FDCA3875EF24}.Debug|Any CPU.Build.0 = Debug|Any CPU
		{DE5B55C5-A0A9-400A-9AC1-FDCA3875EF24}.Release|Any CPU.ActiveCfg = Release|Any CPU
		{DE5B55C5-A0A9-400A-9AC1-FDCA3875EF24}.Release|Any CPU.Build.0 = Release|Any CPU
	EndGlobalSection
	GlobalSection(SolutionProperties) = preSolution
		HideSolutionNode = FALSE
	EndGlobalSection
	GlobalSection(ExtensibilityGlobals) = postSolution
		SolutionGuid = {D398263E-3EFA-493B-94F3-F6271B79C4A6}
	EndGlobalSection
EndGlobal
